// !$*UTF8*$!
{
	archiveVersion = 1;
	classes = {
	};
	objectVersion = 48;
	objects = {

/* Begin PBXBuildFile section */
		6815C86820AE983B00DBC903 /* LogsViewController.swift in Sources */ = {isa = PBXBuildFile; fileRef = 6815C86720AE983B00DBC903 /* LogsViewController.swift */; };
		6827215120A969DB003E960E /* UIView+Custom.swift in Sources */ = {isa = PBXBuildFile; fileRef = 6827215020A969DB003E960E /* UIView+Custom.swift */; };
		6827215420A99BB3003E960E /* SettingsViewController.swift in Sources */ = {isa = PBXBuildFile; fileRef = 6827215320A99BB3003E960E /* SettingsViewController.swift */; };
		6827215620A99CFE003E960E /* UserDefaultsHandler.swift in Sources */ = {isa = PBXBuildFile; fileRef = 6827215520A99CFE003E960E /* UserDefaultsHandler.swift */; };
		6837EE14208DB19900D37D40 /* AppDelegate.swift in Sources */ = {isa = PBXBuildFile; fileRef = 6837EE13208DB19900D37D40 /* AppDelegate.swift */; };
		6837EE16208DB19900D37D40 /* ViewController.swift in Sources */ = {isa = PBXBuildFile; fileRef = 6837EE15208DB19900D37D40 /* ViewController.swift */; };
		6837EE19208DB19900D37D40 /* Main.storyboard in Resources */ = {isa = PBXBuildFile; fileRef = 6837EE17208DB19900D37D40 /* Main.storyboard */; };
		6837EE1B208DB19900D37D40 /* Assets.xcassets in Resources */ = {isa = PBXBuildFile; fileRef = 6837EE1A208DB19900D37D40 /* Assets.xcassets */; };
		6837EE1E208DB19900D37D40 /* LaunchScreen.storyboard in Resources */ = {isa = PBXBuildFile; fileRef = 6837EE1C208DB19900D37D40 /* LaunchScreen.storyboard */; };
		6837EE29208DB19900D37D40 /* TollbuddyFrameworkSampleTests.swift in Sources */ = {isa = PBXBuildFile; fileRef = 6837EE28208DB19900D37D40 /* TollbuddyFrameworkSampleTests.swift */; };
		6837EE34208DB19900D37D40 /* TollbuddyFrameworkSampleUITests.swift in Sources */ = {isa = PBXBuildFile; fileRef = 6837EE33208DB19900D37D40 /* TollbuddyFrameworkSampleUITests.swift */; };
		6837EE70208DB4BD00D37D40 /* TollBuddy_SDK.framework in Frameworks */ = {isa = PBXBuildFile; fileRef = 6837EE6B208DB3FF00D37D40 /* TollBuddy_SDK.framework */; };
		6837EE71208DB4BD00D37D40 /* TollBuddy_SDK.framework in Embed Frameworks */ = {isa = PBXBuildFile; fileRef = 6837EE6B208DB3FF00D37D40 /* TollBuddy_SDK.framework */; settings = {ATTRIBUTES = (CodeSignOnCopy, RemoveHeadersOnCopy, ); }; };
/* End PBXBuildFile section */

/* Begin PBXContainerItemProxy section */
		6837EE25208DB19900D37D40 /* PBXContainerItemProxy */ = {
			isa = PBXContainerItemProxy;
			containerPortal = 6837EE08208DB19900D37D40 /* Project object */;
			proxyType = 1;
			remoteGlobalIDString = 6837EE0F208DB19900D37D40;
			remoteInfo = TollbuddyFrameworkSample;
		};
		6837EE30208DB19900D37D40 /* PBXContainerItemProxy */ = {
			isa = PBXContainerItemProxy;
			containerPortal = 6837EE08208DB19900D37D40 /* Project object */;
			proxyType = 1;
			remoteGlobalIDString = 6837EE0F208DB19900D37D40;
			remoteInfo = TollbuddyFrameworkSample;
		};
		6837EE6A208DB3FF00D37D40 /* PBXContainerItemProxy */ = {
			isa = PBXContainerItemProxy;
			containerPortal = 6837EE65208DB3FD00D37D40 /* TollBuddy SDK.xcodeproj */;
			proxyType = 2;
			remoteGlobalIDString = 6871730820861F26002BA0A4;
			remoteInfo = "TollBuddy SDK";
		};
		6837EE6C208DB3FF00D37D40 /* PBXContainerItemProxy */ = {
			isa = PBXContainerItemProxy;
			containerPortal = 6837EE65208DB3FD00D37D40 /* TollBuddy SDK.xcodeproj */;
			proxyType = 2;
			remoteGlobalIDString = 6871731120861F26002BA0A4;
			remoteInfo = "TollBuddy SDKTests";
		};
		6837EE72208DB4BD00D37D40 /* PBXContainerItemProxy */ = {
			isa = PBXContainerItemProxy;
			containerPortal = 6837EE65208DB3FD00D37D40 /* TollBuddy SDK.xcodeproj */;
			proxyType = 1;
			remoteGlobalIDString = 6871730720861F26002BA0A4;
			remoteInfo = "TollBuddy SDK";
		};
/* End PBXContainerItemProxy section */

/* Begin PBXCopyFilesBuildPhase section */
		6837EE74208DB4BD00D37D40 /* Embed Frameworks */ = {
			isa = PBXCopyFilesBuildPhase;
			buildActionMask = 2147483647;
			dstPath = "";
			dstSubfolderSpec = 10;
			files = (
				6837EE71208DB4BD00D37D40 /* TollBuddy_SDK.framework in Embed Frameworks */,
			);
			name = "Embed Frameworks";
			runOnlyForDeploymentPostprocessing = 0;
		};
/* End PBXCopyFilesBuildPhase section */

/* Begin PBXFileReference section */
		6815C86720AE983B00DBC903 /* LogsViewController.swift */ = {isa = PBXFileReference; lastKnownFileType = sourcecode.swift; path = LogsViewController.swift; sourceTree = "<group>"; };
		6827215020A969DB003E960E /* UIView+Custom.swift */ = {isa = PBXFileReference; lastKnownFileType = sourcecode.swift; path = "UIView+Custom.swift"; sourceTree = "<group>"; };
		6827215320A99BB3003E960E /* SettingsViewController.swift */ = {isa = PBXFileReference; lastKnownFileType = sourcecode.swift; path = SettingsViewController.swift; sourceTree = "<group>"; };
		6827215520A99CFE003E960E /* UserDefaultsHandler.swift */ = {isa = PBXFileReference; lastKnownFileType = sourcecode.swift; path = UserDefaultsHandler.swift; sourceTree = "<group>"; };
		6837EE10208DB19900D37D40 /* TollbuddyFrameworkSample.app */ = {isa = PBXFileReference; explicitFileType = wrapper.application; includeInIndex = 0; path = TollbuddyFrameworkSample.app; sourceTree = BUILT_PRODUCTS_DIR; };
		6837EE13208DB19900D37D40 /* AppDelegate.swift */ = {isa = PBXFileReference; lastKnownFileType = sourcecode.swift; path = AppDelegate.swift; sourceTree = "<group>"; };
		6837EE15208DB19900D37D40 /* ViewController.swift */ = {isa = PBXFileReference; lastKnownFileType = sourcecode.swift; path = ViewController.swift; sourceTree = "<group>"; };
		6837EE18208DB19900D37D40 /* Base */ = {isa = PBXFileReference; lastKnownFileType = file.storyboard; name = Base; path = Base.lproj/Main.storyboard; sourceTree = "<group>"; };
		6837EE1A208DB19900D37D40 /* Assets.xcassets */ = {isa = PBXFileReference; lastKnownFileType = folder.assetcatalog; path = Assets.xcassets; sourceTree = "<group>"; };
		6837EE1D208DB19900D37D40 /* Base */ = {isa = PBXFileReference; lastKnownFileType = file.storyboard; name = Base; path = Base.lproj/LaunchScreen.storyboard; sourceTree = "<group>"; };
		6837EE1F208DB19900D37D40 /* Info.plist */ = {isa = PBXFileReference; lastKnownFileType = text.plist.xml; path = Info.plist; sourceTree = "<group>"; };
		6837EE24208DB19900D37D40 /* TollbuddyFrameworkSampleTests.xctest */ = {isa = PBXFileReference; explicitFileType = wrapper.cfbundle; includeInIndex = 0; path = TollbuddyFrameworkSampleTests.xctest; sourceTree = BUILT_PRODUCTS_DIR; };
		6837EE28208DB19900D37D40 /* TollbuddyFrameworkSampleTests.swift */ = {isa = PBXFileReference; lastKnownFileType = sourcecode.swift; path = TollbuddyFrameworkSampleTests.swift; sourceTree = "<group>"; };
		6837EE2A208DB19900D37D40 /* Info.plist */ = {isa = PBXFileReference; lastKnownFileType = text.plist.xml; path = Info.plist; sourceTree = "<group>"; };
		6837EE2F208DB19900D37D40 /* TollbuddyFrameworkSampleUITests.xctest */ = {isa = PBXFileReference; explicitFileType = wrapper.cfbundle; includeInIndex = 0; path = TollbuddyFrameworkSampleUITests.xctest; sourceTree = BUILT_PRODUCTS_DIR; };
		6837EE33208DB19900D37D40 /* TollbuddyFrameworkSampleUITests.swift */ = {isa = PBXFileReference; lastKnownFileType = sourcecode.swift; path = TollbuddyFrameworkSampleUITests.swift; sourceTree = "<group>"; };
		6837EE35208DB19900D37D40 /* Info.plist */ = {isa = PBXFileReference; lastKnownFileType = text.plist.xml; path = Info.plist; sourceTree = "<group>"; };
		6837EE65208DB3FD00D37D40 /* TollBuddy SDK.xcodeproj */ = {isa = PBXFileReference; lastKnownFileType = "wrapper.pb-project"; name = "TollBuddy SDK.xcodeproj"; path = "../../Repo/TollBuddy SDK/TollBuddy SDK.xcodeproj"; sourceTree = "<group>"; };
		683EA9FC209C96A900EF2F3B /* ExitLocation.gpx */ = {isa = PBXFileReference; lastKnownFileType = text.xml; path = ExitLocation.gpx; sourceTree = "<group>"; };
		68D19F9320971CC200400A61 /* 58-Edachira-Toll-Fence-East.gpx */ = {isa = PBXFileReference; lastKnownFileType = text.xml; path = "58-Edachira-Toll-Fence-East.gpx"; sourceTree = "<group>"; };
		68D19F942097242D00400A61 /* 56-Edachira-Toll-Fence-Plaza.gpx */ = {isa = PBXFileReference; lastKnownFileType = text.xml; path = "56-Edachira-Toll-Fence-Plaza.gpx"; sourceTree = "<group>"; };
		68D19F952097246500400A61 /* 57-Edachira-Toll-Fence-South.gpx */ = {isa = PBXFileReference; lastKnownFileType = text.xml; path = "57-Edachira-Toll-Fence-South.gpx"; sourceTree = "<group>"; };
		68D19F962097249400400A61 /* 59-Edachira-Toll-Fence-North-1.gpx */ = {isa = PBXFileReference; lastKnownFileType = text.xml; path = "59-Edachira-Toll-Fence-North-1.gpx"; sourceTree = "<group>"; };
		68D19F97209724BD00400A61 /* 60-Edachira-Toll-Fence-North-2.gpx */ = {isa = PBXFileReference; lastKnownFileType = text.xml; path = "60-Edachira-Toll-Fence-North-2.gpx"; sourceTree = "<group>"; };
/* End PBXFileReference section */

/* Begin PBXFrameworksBuildPhase section */
		6837EE0D208DB19900D37D40 /* Frameworks */ = {
			isa = PBXFrameworksBuildPhase;
			buildActionMask = 2147483647;
			files = (
				6837EE70208DB4BD00D37D40 /* TollBuddy_SDK.framework in Frameworks */,
			);
			runOnlyForDeploymentPostprocessing = 0;
		};
		6837EE21208DB19900D37D40 /* Frameworks */ = {
			isa = PBXFrameworksBuildPhase;
			buildActionMask = 2147483647;
			files = (
			);
			runOnlyForDeploymentPostprocessing = 0;
		};
		6837EE2C208DB19900D37D40 /* Frameworks */ = {
			isa = PBXFrameworksBuildPhase;
			buildActionMask = 2147483647;
			files = (
			);
			runOnlyForDeploymentPostprocessing = 0;
		};
/* End PBXFrameworksBuildPhase section */

/* Begin PBXGroup section */
		6837EE07208DB19900D37D40 = {
			isa = PBXGroup;
			children = (
				6837EE65208DB3FD00D37D40 /* TollBuddy SDK.xcodeproj */,
				6837EE12208DB19900D37D40 /* TollbuddyFrameworkSample */,
				6837EE27208DB19900D37D40 /* TollbuddyFrameworkSampleTests */,
				6837EE32208DB19900D37D40 /* TollbuddyFrameworkSampleUITests */,
				6837EE11208DB19900D37D40 /* Products */,
			);
			sourceTree = "<group>";
		};
		6837EE11208DB19900D37D40 /* Products */ = {
			isa = PBXGroup;
			children = (
				6837EE10208DB19900D37D40 /* TollbuddyFrameworkSample.app */,
				6837EE24208DB19900D37D40 /* TollbuddyFrameworkSampleTests.xctest */,
				6837EE2F208DB19900D37D40 /* TollbuddyFrameworkSampleUITests.xctest */,
			);
			name = Products;
			sourceTree = "<group>";
		};
		6837EE12208DB19900D37D40 /* TollbuddyFrameworkSample */ = {
			isa = PBXGroup;
			children = (
				6837EE13208DB19900D37D40 /* AppDelegate.swift */,
				6837EE15208DB19900D37D40 /* ViewController.swift */,
				6827215320A99BB3003E960E /* SettingsViewController.swift */,
				6815C86720AE983B00DBC903 /* LogsViewController.swift */,
				6827215520A99CFE003E960E /* UserDefaultsHandler.swift */,
				6827215020A969DB003E960E /* UIView+Custom.swift */,
				68D19F9120971C2100400A61 /* Simulated locations */,
				6837EE17208DB19900D37D40 /* Main.storyboard */,
				6837EE1A208DB19900D37D40 /* Assets.xcassets */,
				6837EE1C208DB19900D37D40 /* LaunchScreen.storyboard */,
				6837EE1F208DB19900D37D40 /* Info.plist */,
			);
			path = TollbuddyFrameworkSample;
			sourceTree = "<group>";
		};
		6837EE27208DB19900D37D40 /* TollbuddyFrameworkSampleTests */ = {
			isa = PBXGroup;
			children = (
				6837EE28208DB19900D37D40 /* TollbuddyFrameworkSampleTests.swift */,
				6837EE2A208DB19900D37D40 /* Info.plist */,
			);
			path = TollbuddyFrameworkSampleTests;
			sourceTree = "<group>";
		};
		6837EE32208DB19900D37D40 /* TollbuddyFrameworkSampleUITests */ = {
			isa = PBXGroup;
			children = (
				6837EE33208DB19900D37D40 /* TollbuddyFrameworkSampleUITests.swift */,
				6837EE35208DB19900D37D40 /* Info.plist */,
			);
			path = TollbuddyFrameworkSampleUITests;
			sourceTree = "<group>";
		};
		6837EE66208DB3FD00D37D40 /* Products */ = {
			isa = PBXGroup;
			children = (
				6837EE6B208DB3FF00D37D40 /* TollBuddy_SDK.framework */,
				6837EE6D208DB3FF00D37D40 /* TollBuddy SDKTests.xctest */,
			);
			name = Products;
			sourceTree = "<group>";
		};
		68D19F9120971C2100400A61 /* Simulated locations */ = {
			isa = PBXGroup;
			children = (
				68D19F942097242D00400A61 /* 56-Edachira-Toll-Fence-Plaza.gpx */,
				68D19F952097246500400A61 /* 57-Edachira-Toll-Fence-South.gpx */,
				68D19F9320971CC200400A61 /* 58-Edachira-Toll-Fence-East.gpx */,
				68D19F962097249400400A61 /* 59-Edachira-Toll-Fence-North-1.gpx */,
				68D19F97209724BD00400A61 /* 60-Edachira-Toll-Fence-North-2.gpx */,
				683EA9FC209C96A900EF2F3B /* ExitLocation.gpx */,
			);
			path = "Simulated locations";
			sourceTree = "<group>";
		};
/* End PBXGroup section */

/* Begin PBXNativeTarget section */
		6837EE0F208DB19900D37D40 /* TollbuddyFrameworkSample */ = {
			isa = PBXNativeTarget;
			buildConfigurationList = 6837EE38208DB19900D37D40 /* Build configuration list for PBXNativeTarget "TollbuddyFrameworkSample" */;
			buildPhases = (
				6837EE0C208DB19900D37D40 /* Sources */,
				6837EE0D208DB19900D37D40 /* Frameworks */,
				6837EE0E208DB19900D37D40 /* Resources */,
				6837EE74208DB4BD00D37D40 /* Embed Frameworks */,
			);
			buildRules = (
			);
			dependencies = (
				6837EE73208DB4BD00D37D40 /* PBXTargetDependency */,
			);
			name = TollbuddyFrameworkSample;
			productName = TollbuddyFrameworkSample;
			productReference = 6837EE10208DB19900D37D40 /* TollbuddyFrameworkSample.app */;
			productType = "com.apple.product-type.application";
		};
		6837EE23208DB19900D37D40 /* TollbuddyFrameworkSampleTests */ = {
			isa = PBXNativeTarget;
			buildConfigurationList = 6837EE3B208DB19900D37D40 /* Build configuration list for PBXNativeTarget "TollbuddyFrameworkSampleTests" */;
			buildPhases = (
				6837EE20208DB19900D37D40 /* Sources */,
				6837EE21208DB19900D37D40 /* Frameworks */,
				6837EE22208DB19900D37D40 /* Resources */,
			);
			buildRules = (
			);
			dependencies = (
				6837EE26208DB19900D37D40 /* PBXTargetDependency */,
			);
			name = TollbuddyFrameworkSampleTests;
			productName = TollbuddyFrameworkSampleTests;
			productReference = 6837EE24208DB19900D37D40 /* TollbuddyFrameworkSampleTests.xctest */;
			productType = "com.apple.product-type.bundle.unit-test";
		};
		6837EE2E208DB19900D37D40 /* TollbuddyFrameworkSampleUITests */ = {
			isa = PBXNativeTarget;
			buildConfigurationList = 6837EE3E208DB19900D37D40 /* Build configuration list for PBXNativeTarget "TollbuddyFrameworkSampleUITests" */;
			buildPhases = (
				6837EE2B208DB19900D37D40 /* Sources */,
				6837EE2C208DB19900D37D40 /* Frameworks */,
				6837EE2D208DB19900D37D40 /* Resources */,
			);
			buildRules = (
			);
			dependencies = (
				6837EE31208DB19900D37D40 /* PBXTargetDependency */,
			);
			name = TollbuddyFrameworkSampleUITests;
			productName = TollbuddyFrameworkSampleUITests;
			productReference = 6837EE2F208DB19900D37D40 /* TollbuddyFrameworkSampleUITests.xctest */;
			productType = "com.apple.product-type.bundle.ui-testing";
		};
/* End PBXNativeTarget section */

/* Begin PBXProject section */
		6837EE08208DB19900D37D40 /* Project object */ = {
			isa = PBXProject;
			attributes = {
				LastSwiftUpdateCheck = 0900;
				LastUpgradeCheck = 0900;
				ORGANIZATIONNAME = HTA;
				TargetAttributes = {
					6837EE0F208DB19900D37D40 = {
						CreatedOnToolsVersion = 9.0.1;
						ProvisioningStyle = Automatic;
						SystemCapabilities = {
							com.apple.BackgroundModes = {
								enabled = 1;
							};
						};
					};
					6837EE23208DB19900D37D40 = {
						CreatedOnToolsVersion = 9.0.1;
						ProvisioningStyle = Automatic;
						TestTargetID = 6837EE0F208DB19900D37D40;
					};
					6837EE2E208DB19900D37D40 = {
						CreatedOnToolsVersion = 9.0.1;
						ProvisioningStyle = Automatic;
						TestTargetID = 6837EE0F208DB19900D37D40;
					};
				};
			};
			buildConfigurationList = 6837EE0B208DB19900D37D40 /* Build configuration list for PBXProject "TollbuddyFrameworkSample" */;
			compatibilityVersion = "Xcode 8.0";
			developmentRegion = en;
			hasScannedForEncodings = 0;
			knownRegions = (
				en,
				Base,
			);
			mainGroup = 6837EE07208DB19900D37D40;
			productRefGroup = 6837EE11208DB19900D37D40 /* Products */;
			projectDirPath = "";
			projectReferences = (
				{
					ProductGroup = 6837EE66208DB3FD00D37D40 /* Products */;
					ProjectRef = 6837EE65208DB3FD00D37D40 /* TollBuddy SDK.xcodeproj */;
				},
			);
			projectRoot = "";
			targets = (
				6837EE0F208DB19900D37D40 /* TollbuddyFrameworkSample */,
				6837EE23208DB19900D37D40 /* TollbuddyFrameworkSampleTests */,
				6837EE2E208DB19900D37D40 /* TollbuddyFrameworkSampleUITests */,
			);
		};
/* End PBXProject section */

/* Begin PBXReferenceProxy section */
		6837EE6B208DB3FF00D37D40 /* TollBuddy_SDK.framework */ = {
			isa = PBXReferenceProxy;
			fileType = wrapper.framework;
			path = TollBuddy_SDK.framework;
			remoteRef = 6837EE6A208DB3FF00D37D40 /* PBXContainerItemProxy */;
			sourceTree = BUILT_PRODUCTS_DIR;
		};
		6837EE6D208DB3FF00D37D40 /* TollBuddy SDKTests.xctest */ = {
			isa = PBXReferenceProxy;
			fileType = wrapper.cfbundle;
			path = "TollBuddy SDKTests.xctest";
			remoteRef = 6837EE6C208DB3FF00D37D40 /* PBXContainerItemProxy */;
			sourceTree = BUILT_PRODUCTS_DIR;
		};
/* End PBXReferenceProxy section */

/* Begin PBXResourcesBuildPhase section */
		6837EE0E208DB19900D37D40 /* Resources */ = {
			isa = PBXResourcesBuildPhase;
			buildActionMask = 2147483647;
			files = (
				6837EE1E208DB19900D37D40 /* LaunchScreen.storyboard in Resources */,
				6837EE1B208DB19900D37D40 /* Assets.xcassets in Resources */,
				6837EE19208DB19900D37D40 /* Main.storyboard in Resources */,
			);
			runOnlyForDeploymentPostprocessing = 0;
		};
		6837EE22208DB19900D37D40 /* Resources */ = {
			isa = PBXResourcesBuildPhase;
			buildActionMask = 2147483647;
			files = (
			);
			runOnlyForDeploymentPostprocessing = 0;
		};
		6837EE2D208DB19900D37D40 /* Resources */ = {
			isa = PBXResourcesBuildPhase;
			buildActionMask = 2147483647;
			files = (
			);
			runOnlyForDeploymentPostprocessing = 0;
		};
/* End PBXResourcesBuildPhase section */

/* Begin PBXSourcesBuildPhase section */
		6837EE0C208DB19900D37D40 /* Sources */ = {
			isa = PBXSourcesBuildPhase;
			buildActionMask = 2147483647;
			files = (
				6837EE16208DB19900D37D40 /* ViewController.swift in Sources */,
				6837EE14208DB19900D37D40 /* AppDelegate.swift in Sources */,
				6827215620A99CFE003E960E /* UserDefaultsHandler.swift in Sources */,
				6827215120A969DB003E960E /* UIView+Custom.swift in Sources */,
				6827215420A99BB3003E960E /* SettingsViewController.swift in Sources */,
				6815C86820AE983B00DBC903 /* LogsViewController.swift in Sources */,
			);
			runOnlyForDeploymentPostprocessing = 0;
		};
		6837EE20208DB19900D37D40 /* Sources */ = {
			isa = PBXSourcesBuildPhase;
			buildActionMask = 2147483647;
			files = (
				6837EE29208DB19900D37D40 /* TollbuddyFrameworkSampleTests.swift in Sources */,
			);
			runOnlyForDeploymentPostprocessing = 0;
		};
		6837EE2B208DB19900D37D40 /* Sources */ = {
			isa = PBXSourcesBuildPhase;
			buildActionMask = 2147483647;
			files = (
				6837EE34208DB19900D37D40 /* TollbuddyFrameworkSampleUITests.swift in Sources */,
			);
			runOnlyForDeploymentPostprocessing = 0;
		};
/* End PBXSourcesBuildPhase section */

/* Begin PBXTargetDependency section */
		6837EE26208DB19900D37D40 /* PBXTargetDependency */ = {
			isa = PBXTargetDependency;
			target = 6837EE0F208DB19900D37D40 /* TollbuddyFrameworkSample */;
			targetProxy = 6837EE25208DB19900D37D40 /* PBXContainerItemProxy */;
		};
		6837EE31208DB19900D37D40 /* PBXTargetDependency */ = {
			isa = PBXTargetDependency;
			target = 6837EE0F208DB19900D37D40 /* TollbuddyFrameworkSample */;
			targetProxy = 6837EE30208DB19900D37D40 /* PBXContainerItemProxy */;
		};
		6837EE73208DB4BD00D37D40 /* PBXTargetDependency */ = {
			isa = PBXTargetDependency;
			name = "TollBuddy SDK";
			targetProxy = 6837EE72208DB4BD00D37D40 /* PBXContainerItemProxy */;
		};
/* End PBXTargetDependency section */

/* Begin PBXVariantGroup section */
		6837EE17208DB19900D37D40 /* Main.storyboard */ = {
			isa = PBXVariantGroup;
			children = (
				6837EE18208DB19900D37D40 /* Base */,
			);
			name = Main.storyboard;
			sourceTree = "<group>";
		};
		6837EE1C208DB19900D37D40 /* LaunchScreen.storyboard */ = {
			isa = PBXVariantGroup;
			children = (
				6837EE1D208DB19900D37D40 /* Base */,
			);
			name = LaunchScreen.storyboard;
			sourceTree = "<group>";
		};
/* End PBXVariantGroup section */

/* Begin XCBuildConfiguration section */
		6837EE36208DB19900D37D40 /* Debug */ = {
			isa = XCBuildConfiguration;
			buildSettings = {
				ALWAYS_SEARCH_USER_PATHS = NO;
				CLANG_ANALYZER_NONNULL = YES;
				CLANG_ANALYZER_NUMBER_OBJECT_CONVERSION = YES_AGGRESSIVE;
				CLANG_CXX_LANGUAGE_STANDARD = "gnu++14";
				CLANG_CXX_LIBRARY = "libc++";
				CLANG_ENABLE_MODULES = YES;
				CLANG_ENABLE_OBJC_ARC = YES;
				CLANG_WARN_BLOCK_CAPTURE_AUTORELEASING = YES;
				CLANG_WARN_BOOL_CONVERSION = YES;
				CLANG_WARN_COMMA = YES;
				CLANG_WARN_CONSTANT_CONVERSION = YES;
				CLANG_WARN_DIRECT_OBJC_ISA_USAGE = YES_ERROR;
				CLANG_WARN_DOCUMENTATION_COMMENTS = YES;
				CLANG_WARN_EMPTY_BODY = YES;
				CLANG_WARN_ENUM_CONVERSION = YES;
				CLANG_WARN_INFINITE_RECURSION = YES;
				CLANG_WARN_INT_CONVERSION = YES;
				CLANG_WARN_NON_LITERAL_NULL_CONVERSION = YES;
				CLANG_WARN_OBJC_LITERAL_CONVERSION = YES;
				CLANG_WARN_OBJC_ROOT_CLASS = YES_ERROR;
				CLANG_WARN_RANGE_LOOP_ANALYSIS = YES;
				CLANG_WARN_STRICT_PROTOTYPES = YES;
				CLANG_WARN_SUSPICIOUS_MOVE = YES;
				CLANG_WARN_UNGUARDED_AVAILABILITY = YES_AGGRESSIVE;
				CLANG_WARN_UNREACHABLE_CODE = YES;
				CLANG_WARN__DUPLICATE_METHOD_MATCH = YES;
				CODE_SIGN_IDENTITY = "iPhone Developer";
				COPY_PHASE_STRIP = NO;
				DEBUG_INFORMATION_FORMAT = dwarf;
				ENABLE_STRICT_OBJC_MSGSEND = YES;
				ENABLE_TESTABILITY = YES;
				GCC_C_LANGUAGE_STANDARD = gnu11;
				GCC_DYNAMIC_NO_PIC = NO;
				GCC_NO_COMMON_BLOCKS = YES;
				GCC_OPTIMIZATION_LEVEL = 0;
				GCC_PREPROCESSOR_DEFINITIONS = (
					"DEBUG=1",
					"$(inherited)",
				);
				GCC_WARN_64_TO_32_BIT_CONVERSION = YES;
				GCC_WARN_ABOUT_RETURN_TYPE = YES_ERROR;
				GCC_WARN_UNDECLARED_SELECTOR = YES;
				GCC_WARN_UNINITIALIZED_AUTOS = YES_AGGRESSIVE;
				GCC_WARN_UNUSED_FUNCTION = YES;
				GCC_WARN_UNUSED_VARIABLE = YES;
				IPHONEOS_DEPLOYMENT_TARGET = 11.0;
				MTL_ENABLE_DEBUG_INFO = YES;
				ONLY_ACTIVE_ARCH = YES;
				SDKROOT = iphoneos;
				SWIFT_ACTIVE_COMPILATION_CONDITIONS = DEBUG;
				SWIFT_OPTIMIZATION_LEVEL = "-Onone";
			};
			name = Debug;
		};
		6837EE37208DB19900D37D40 /* Release */ = {
			isa = XCBuildConfiguration;
			buildSettings = {
				ALWAYS_SEARCH_USER_PATHS = NO;
				CLANG_ANALYZER_NONNULL = YES;
				CLANG_ANALYZER_NUMBER_OBJECT_CONVERSION = YES_AGGRESSIVE;
				CLANG_CXX_LANGUAGE_STANDARD = "gnu++14";
				CLANG_CXX_LIBRARY = "libc++";
				CLANG_ENABLE_MODULES = YES;
				CLANG_ENABLE_OBJC_ARC = YES;
				CLANG_WARN_BLOCK_CAPTURE_AUTORELEASING = YES;
				CLANG_WARN_BOOL_CONVERSION = YES;
				CLANG_WARN_COMMA = YES;
				CLANG_WARN_CONSTANT_CONVERSION = YES;
				CLANG_WARN_DIRECT_OBJC_ISA_USAGE = YES_ERROR;
				CLANG_WARN_DOCUMENTATION_COMMENTS = YES;
				CLANG_WARN_EMPTY_BODY = YES;
				CLANG_WARN_ENUM_CONVERSION = YES;
				CLANG_WARN_INFINITE_RECURSION = YES;
				CLANG_WARN_INT_CONVERSION = YES;
				CLANG_WARN_NON_LITERAL_NULL_CONVERSION = YES;
				CLANG_WARN_OBJC_LITERAL_CONVERSION = YES;
				CLANG_WARN_OBJC_ROOT_CLASS = YES_ERROR;
				CLANG_WARN_RANGE_LOOP_ANALYSIS = YES;
				CLANG_WARN_STRICT_PROTOTYPES = YES;
				CLANG_WARN_SUSPICIOUS_MOVE = YES;
				CLANG_WARN_UNGUARDED_AVAILABILITY = YES_AGGRESSIVE;
				CLANG_WARN_UNREACHABLE_CODE = YES;
				CLANG_WARN__DUPLICATE_METHOD_MATCH = YES;
				CODE_SIGN_IDENTITY = "iPhone Developer";
				COPY_PHASE_STRIP = NO;
				DEBUG_INFORMATION_FORMAT = "dwarf-with-dsym";
				ENABLE_NS_ASSERTIONS = NO;
				ENABLE_STRICT_OBJC_MSGSEND = YES;
				GCC_C_LANGUAGE_STANDARD = gnu11;
				GCC_NO_COMMON_BLOCKS = YES;
				GCC_WARN_64_TO_32_BIT_CONVERSION = YES;
				GCC_WARN_ABOUT_RETURN_TYPE = YES_ERROR;
				GCC_WARN_UNDECLARED_SELECTOR = YES;
				GCC_WARN_UNINITIALIZED_AUTOS = YES_AGGRESSIVE;
				GCC_WARN_UNUSED_FUNCTION = YES;
				GCC_WARN_UNUSED_VARIABLE = YES;
				IPHONEOS_DEPLOYMENT_TARGET = 11.0;
				MTL_ENABLE_DEBUG_INFO = NO;
				SDKROOT = iphoneos;
				SWIFT_OPTIMIZATION_LEVEL = "-Owholemodule";
				VALIDATE_PRODUCT = YES;
			};
			name = Release;
		};
		6837EE39208DB19900D37D40 /* Debug */ = {
			isa = XCBuildConfiguration;
			buildSettings = {
				ALWAYS_EMBED_SWIFT_STANDARD_LIBRARIES = YES;
				ASSETCATALOG_COMPILER_APPICON_NAME = AppIcon;
				"CODE_SIGN_IDENTITY[sdk=iphoneos*]" = "iPhone Developer";
				CODE_SIGN_STYLE = Automatic;
				DEVELOPMENT_TEAM = HT8PLU65LJ;
				INFOPLIST_FILE = TollbuddyFrameworkSample/Info.plist;
				IPHONEOS_DEPLOYMENT_TARGET = 9.0;
				LD_RUNPATH_SEARCH_PATHS = "$(inherited) @executable_path/Frameworks";
				PRODUCT_BUNDLE_IDENTIFIER = com.rapidvalue.TollbuddyFrameworkSample1;
				PRODUCT_NAME = "$(TARGET_NAME)";
				PROVISIONING_PROFILE = "";
				PROVISIONING_PROFILE_SPECIFIER = "";
				SWIFT_VERSION = 4.0;
				TARGETED_DEVICE_FAMILY = "1,2";
			};
			name = Debug;
		};
		6837EE3A208DB19900D37D40 /* Release */ = {
			isa = XCBuildConfiguration;
			buildSettings = {
				ALWAYS_EMBED_SWIFT_STANDARD_LIBRARIES = YES;
				ASSETCATALOG_COMPILER_APPICON_NAME = AppIcon;
				"CODE_SIGN_IDENTITY[sdk=iphoneos*]" = "iPhone Developer";
				CODE_SIGN_STYLE = Automatic;
				DEVELOPMENT_TEAM = HT8PLU65LJ;
				INFOPLIST_FILE = TollbuddyFrameworkSample/Info.plist;
				IPHONEOS_DEPLOYMENT_TARGET = 9.0;
				LD_RUNPATH_SEARCH_PATHS = "$(inherited) @executable_path/Frameworks";
				PRODUCT_BUNDLE_IDENTIFIER = com.rapidvalue.TollbuddyFrameworkSample1;
				PRODUCT_NAME = "$(TARGET_NAME)";
				PROVISIONING_PROFILE_SPECIFIER = "";
				SWIFT_VERSION = 4.0;
				TARGETED_DEVICE_FAMILY = "1,2";
			};
			name = Release;
		};
		6837EE3C208DB19900D37D40 /* Debug */ = {
			isa = XCBuildConfiguration;
			buildSettings = {
				ALWAYS_EMBED_SWIFT_STANDARD_LIBRARIES = YES;
				BUNDLE_LOADER = "$(TEST_HOST)";
				CODE_SIGN_STYLE = Automatic;
				INFOPLIST_FILE = TollbuddyFrameworkSampleTests/Info.plist;
				LD_RUNPATH_SEARCH_PATHS = "$(inherited) @executable_path/Frameworks @loader_path/Frameworks";
				PRODUCT_BUNDLE_IDENTIFIER = com.hta.TollbuddyFrameworkSampleTests;
				PRODUCT_NAME = "$(TARGET_NAME)";
				SWIFT_VERSION = 4.0;
				TARGETED_DEVICE_FAMILY = "1,2";
				TEST_HOST = "$(BUILT_PRODUCTS_DIR)/TollbuddyFrameworkSample.app/TollbuddyFrameworkSample";
			};
			name = Debug;
		};
		6837EE3D208DB19900D37D40 /* Release */ = {
			isa = XCBuildConfiguration;
			buildSettings = {
				ALWAYS_EMBED_SWIFT_STANDARD_LIBRARIES = YES;
				BUNDLE_LOADER = "$(TEST_HOST)";
				CODE_SIGN_STYLE = Automatic;
				INFOPLIST_FILE = TollbuddyFrameworkSampleTests/Info.plist;
				LD_RUNPATH_SEARCH_PATHS = "$(inherited) @executable_path/Frameworks @loader_path/Frameworks";
				PRODUCT_BUNDLE_IDENTIFIER = com.hta.TollbuddyFrameworkSampleTests;
				PRODUCT_NAME = "$(TARGET_NAME)";
				SWIFT_VERSION = 4.0;
				TARGETED_DEVICE_FAMILY = "1,2";
				TEST_HOST = "$(BUILT_PRODUCTS_DIR)/TollbuddyFrameworkSample.app/TollbuddyFrameworkSample";
			};
			name = Release;
		};
		6837EE3F208DB19900D37D40 /* Debug */ = {
			isa = XCBuildConfiguration;
			buildSettings = {
				ALWAYS_EMBED_SWIFT_STANDARD_LIBRARIES = YES;
				CODE_SIGN_STYLE = Automatic;
				INFOPLIST_FILE = TollbuddyFrameworkSampleUITests/Info.plist;
				LD_RUNPATH_SEARCH_PATHS = "$(inherited) @executable_path/Frameworks @loader_path/Frameworks";
				PRODUCT_BUNDLE_IDENTIFIER = com.hta.TollbuddyFrameworkSampleUITests;
				PRODUCT_NAME = "$(TARGET_NAME)";
				SWIFT_VERSION = 4.0;
				TARGETED_DEVICE_FAMILY = "1,2";
				TEST_TARGET_NAME = TollbuddyFrameworkSample;
			};
			name = Debug;
		};
		6837EE40208DB19900D37D40 /* Release */ = {
			isa = XCBuildConfiguration;
			buildSettings = {
				ALWAYS_EMBED_SWIFT_STANDARD_LIBRARIES = YES;
				CODE_SIGN_STYLE = Automatic;
				INFOPLIST_FILE = TollbuddyFrameworkSampleUITests/Info.plist;
				LD_RUNPATH_SEARCH_PATHS = "$(inherited) @executable_path/Frameworks @loader_path/Frameworks";
				PRODUCT_BUNDLE_IDENTIFIER = com.hta.TollbuddyFrameworkSampleUITests;
				PRODUCT_NAME = "$(TARGET_NAME)";
				SWIFT_VERSION = 4.0;
				TARGETED_DEVICE_FAMILY = "1,2";
				TEST_TARGET_NAME = TollbuddyFrameworkSample;
			};
			name = Release;
		};
/* End XCBuildConfiguration section */

/* Begin XCConfigurationList section */
		6837EE0B208DB19900D37D40 /* Build configuration list for PBXProject "TollbuddyFrameworkSample" */ = {
			isa = XCConfigurationList;
			buildConfigurations = (
				6837EE36208DB19900D37D40 /* Debug */,
				6837EE37208DB19900D37D40 /* Release */,
			);
			defaultConfigurationIsVisible = 0;
			defaultConfigurationName = Release;
		};
		6837EE38208DB19900D37D40 /* Build configuration list for PBXNativeTarget "TollbuddyFrameworkSample" */ = {
			isa = XCConfigurationList;
			buildConfigurations = (
				6837EE39208DB19900D37D40 /* Debug */,
				6837EE3A208DB19900D37D40 /* Release */,
			);
			defaultConfigurationIsVisible = 0;
			defaultConfigurationName = Release;
		};
		6837EE3B208DB19900D37D40 /* Build configuration list for PBXNativeTarget "TollbuddyFrameworkSampleTests" */ = {
			isa = XCConfigurationList;
			buildConfigurations = (
				6837EE3C208DB19900D37D40 /* Debug */,
				6837EE3D208DB19900D37D40 /* Release */,
			);
			defaultConfigurationIsVisible = 0;
			defaultConfigurationName = Release;
		};
		6837EE3E208DB19900D37D40 /* Build configuration list for PBXNativeTarget "TollbuddyFrameworkSampleUITests" */ = {
			isa = XCConfigurationList;
			buildConfigurations = (
				6837EE3F208DB19900D37D40 /* Debug */,
				6837EE40208DB19900D37D40 /* Release */,
			);
			defaultConfigurationIsVisible = 0;
			defaultConfigurationName = Release;
		};
/* End XCConfigurationList section */
	};
	rootObject = 6837EE08208DB19900D37D40 /* Project object */;
}
